
Microsoft Visual Studio Solution File, Format Version 11.00
# Visual Studio 2010
Project("{FAE04EC0-301F-11D3-BF4B-00C04F79EFBC}") = "GameScenes", "Assembly-CSharp-firstpass.csproj", "{E44FF079-36B8-2306-468A-E2B10DDC1B39}"
EndProject
Project("{FAE04EC0-301F-11D3-BF4B-00C04F79EFBC}") = "GameScenes", "Assembly-CSharp.csproj", "{3B8F706A-E7D3-AB55-2829-39C79D14A18F}"
EndProject
Project("{FAE04EC0-301F-11D3-BF4B-00C04F79EFBC}") = "GameScenes", "Assembly-CSharp-Editor-firstpass.csproj", "{95F1F4A7-58D3-EA1E-0302-B1DF565DD406}"
EndProject
Project("{FAE04EC0-301F-11D3-BF4B-00C04F79EFBC}") = "GameScenes", "Assembly-CSharp-Editor.csproj", "{7348AC36-814D-A286-0728-D7FB7292D1CF}"
EndProject
Global
	GlobalSection(SolutionConfigurationPlatforms) = preSolution
		Debug|Any CPU = Debug|Any CPU
		Release|Any CPU = Release|Any CPU
	EndGlobalSection
	GlobalSection(ProjectConfigurationPlatforms) = postSolution
		{E44FF079-36B8-2306-468A-E2B10DDC1B39}.Debug|Any CPU.ActiveCfg = Debug|Any CPU
		{E44FF079-36B8-2306-468A-E2B10DDC1B39}.Debug|Any CPU.Build.0 = Debug|Any CPU
		{E44FF079-36B8-2306-468A-E2B10DDC1B39}.Release|Any CPU.ActiveCfg = Release|Any CPU
		{E44FF079-36B8-2306-468A-E2B10DDC1B39}.Release|Any CPU.Build.0 = Release|Any CPU
		{3B8F706A-E7D3-AB55-2829-39C79D14A18F}.Debug|Any CPU.ActiveCfg = Debug|Any CPU
		{3B8F706A-E7D3-AB55-2829-39C79D14A18F}.Debug|Any CPU.Build.0 = Debug|Any CPU
		{3B8F706A-E7D3-AB55-2829-39C79D14A18F}.Release|Any CPU.ActiveCfg = Release|Any CPU
		{3B8F706A-E7D3-AB55-2829-39C79D14A18F}.Release|Any CPU.Build.0 = Release|Any CPU
		{95F1F4A7-58D3-EA1E-0302-B1DF565DD406}.Debug|Any CPU.ActiveCfg = Debug|Any CPU
		{95F1F4A7-58D3-EA1E-0302-B1DF565DD406}.Debug|Any CPU.Build.0 = Debug|Any CPU
		{95F1F4A7-58D3-EA1E-0302-B1DF565DD406}.Release|Any CPU.ActiveCfg = Release|Any CPU
		{95F1F4A7-58D3-EA1E-0302-B1DF565DD406}.Release|Any CPU.Build.0 = Release|Any CPU
		{7348AC36-814D-A286-0728-D7FB7292D1CF}.Debug|Any CPU.ActiveCfg = Debug|Any CPU
		{7348AC36-814D-A286-0728-D7FB7292D1CF}.Debug|Any CPU.Build.0 = Debug|Any CPU
		{7348AC36-814D-A286-0728-D7FB7292D1CF}.Release|Any CPU.ActiveCfg = Release|Any CPU
		{7348AC36-814D-A286-0728-D7FB7292D1CF}.Release|Any CPU.Build.0 = Release|Any CPU
	EndGlobalSection
	GlobalSection(SolutionProperties) = preSolution
		HideSolutionNode = FALSE
	EndGlobalSection
	GlobalSection(MonoDevelopProperties) = preSolution
		StartupItem = Assembly-CSharp.csproj
	EndGlobalSection
EndGlobal
